
Microsoft Visual Studio Solution File, Format Version 12.00
# Visual Studio Version 16
VisualStudioVersion = 16.0.32510.428
MinimumVisualStudioVersion = 10.0.40219.1
Project("{FAE04EC0-301F-11D3-BF4B-00C04F79EFBC}") = "quant-models-lib", "quant-modles2\quant-models-lib.csproj", "{DD2E7D6C-49F9-4127-B905-D4C8E51D6EB5}"
EndProject
Project("{FAE04EC0-301F-11D3-BF4B-00C04F79EFBC}") = "ConsoleApp2", "ConsoleApp2\ConsoleApp2.csproj", "{A6B74FA1-28E5-454E-9284-DB68AB9530C4}"
EndProject
Project("{2150E333-8FDC-42A3-9474-1A3956D46DE8}") = "R", "R", "{F17EF799-F87C-4EAB-BC86-10F48685B014}"
	ProjectSection(SolutionItems) = preProject
		quant-model.R = quant-model.R
	EndProjectSection
EndProject
Global
	GlobalSection(SolutionConfigurationPlatforms) = preSolution
		Debug|Any CPU = Debug|Any CPU
		Release|Any CPU = Release|Any CPU
	EndGlobalSection
	GlobalSection(ProjectConfigurationPlatforms) = postSolution
		{DD2E7D6C-49F9-4127-B905-D4C8E51D6EB5}.Debug|Any CPU.ActiveCfg = Debug|Any CPU
		{DD2E7D6C-49F9-4127-B905-D4C8E51D6EB5}.Debug|Any CPU.Build.0 = Debug|Any CPU
		{DD2E7D6C-49F9-4127-B905-D4C8E51D6EB5}.Release|Any CPU.ActiveCfg = Release|Any CPU
		{DD2E7D6C-49F9-4127-B905-D4C8E51D6EB5}.Release|Any CPU.Build.0 = Release|Any CPU
		{A6B74FA1-28E5-454E-9284-DB68AB9530C4}.Debug|Any CPU.ActiveCfg = Debug|Any CPU
		{A6B74FA1-28E5-454E-9284-DB68AB9530C4}.Debug|Any CPU.Build.0 = Debug|Any CPU
		{A6B74FA1-28E5-454E-9284-DB68AB9530C4}.Release|Any CPU.ActiveCfg = Release|Any CPU
		{A6B74FA1-28E5-454E-9284-DB68AB9530C4}.Release|Any CPU.Build.0 = Release|Any CPU
	EndGlobalSection
	GlobalSection(SolutionProperties) = preSolution
		HideSolutionNode = FALSE
	EndGlobalSection
	GlobalSection(ExtensibilityGlobals) = postSolution
		SolutionGuid = {CD9DD820-C24A-4024-B704-54C0BF73D7ED}
	EndGlobalSection
EndGlobal
